
Microsoft Visual Studio Solution File, Format Version 12.00
# Visual Studio Version 17
VisualStudioVersion = 17.9.34616.47
MinimumVisualStudioVersion = 10.0.40219.1
Project("{FAE04EC0-301F-11D3-BF4B-00C04F79EFBC}") = "AzureWW24", "AzureWW24\AzureWW24.csproj", "{0A06A3AD-3D11-43D8-8F06-9B45C2F58043}"
EndProject
Global
	GlobalSection(SolutionConfigurationPlatforms) = preSolution
		Debug|Any CPU = Debug|Any CPU
		Release|Any CPU = Release|Any CPU
	EndGlobalSection
	GlobalSection(ProjectConfigurationPlatforms) = postSolution
		{0A06A3AD-3D11-43D8-8F06-9B45C2F58043}.Debug|Any CPU.ActiveCfg = Debug|Any CPU
		{0A06A3AD-3D11-43D8-8F06-9B45C2F58043}.Debug|Any CPU.Build.0 = Debug|Any CPU
		{0A06A3AD-3D11-43D8-8F06-9B45C2F58043}.Release|Any CPU.ActiveCfg = Release|Any CPU
		{0A06A3AD-3D11-43D8-8F06-9B45C2F58043}.Release|Any CPU.Build.0 = Release|Any CPU
	EndGlobalSection
	GlobalSection(SolutionProperties) = preSolution
		HideSolutionNode = FALSE
	EndGlobalSection
	GlobalSection(ExtensibilityGlobals) = postSolution
		SolutionGuid = {46B0DD44-5ECA-40BE-A8E9-230E3EEE21B7}
	EndGlobalSection
EndGlobal
